// !$*UTF8*$!
{
	archiveVersion = 1;
	classes = {
	};
	objectVersion = 51;
	objects = {

/* Begin PBXBuildFile section */
		5D397E54236249B4000296D5 /* NameDatePicHeaderView.swift in Sources */ = {isa = PBXBuildFile; fileRef = 5D397E53236249B4000296D5 /* NameDatePicHeaderView.swift */; };
		5D397E5623624CBE000296D5 /* DateExtension.swift in Sources */ = {isa = PBXBuildFile; fileRef = 5D397E5523624CBE000296D5 /* DateExtension.swift */; };
		5D397E58236251EF000296D5 /* TitleDescriptionView.swift in Sources */ = {isa = PBXBuildFile; fileRef = 5D397E57236251EF000296D5 /* TitleDescriptionView.swift */; };
		5D397E5A236251FD000296D5 /* FeedPostView.swift in Sources */ = {isa = PBXBuildFile; fileRef = 5D397E59236251FD000296D5 /* FeedPostView.swift */; };
		5D397E5C23625320000296D5 /* NewsFeedView.swift in Sources */ = {isa = PBXBuildFile; fileRef = 5D397E5B23625320000296D5 /* NewsFeedView.swift */; };
		5D5624AF235BCA7C00A0D793 /* UILabelExtension.swift in Sources */ = {isa = PBXBuildFile; fileRef = 5D5624AE235BCA7C00A0D793 /* UILabelExtension.swift */; };
		5D5624B3235BCD8600A0D793 /* FinishedLoggingWorkoutView.swift in Sources */ = {isa = PBXBuildFile; fileRef = 5D5624B2235BCD8600A0D793 /* FinishedLoggingWorkoutView.swift */; };
		5D5624B6235BCDB500A0D793 /* FinishedLoggingWorkoutController.swift in Sources */ = {isa = PBXBuildFile; fileRef = 5D5624B5235BCDB500A0D793 /* FinishedLoggingWorkoutController.swift */; };
		5D5624B8235BD3F100A0D793 /* UITextInput.swift in Sources */ = {isa = PBXBuildFile; fileRef = 5D5624B7235BD3F100A0D793 /* UITextInput.swift */; };
		5D5624BD235F7CFD00A0D793 /* ExcercseSetView.swift in Sources */ = {isa = PBXBuildFile; fileRef = 5D5624BC235F7CFD00A0D793 /* ExcercseSetView.swift */; };
		5D5624BF235F82D400A0D793 /* LogWorkoutViewController.swift in Sources */ = {isa = PBXBuildFile; fileRef = 5D5624BE235F82D400A0D793 /* LogWorkoutViewController.swift */; };
		5D5624C1235F8FD500A0D793 /* ExcerciseView.swift in Sources */ = {isa = PBXBuildFile; fileRef = 5D5624C0235F8FD500A0D793 /* ExcerciseView.swift */; };
		5D5624C3235F918200A0D793 /* ExcerciseSetNamesView.swift in Sources */ = {isa = PBXBuildFile; fileRef = 5D5624C2235F918200A0D793 /* ExcerciseSetNamesView.swift */; };
		5DB6A9542364B9BE004E9B0A /* ProfileView.swift in Sources */ = {isa = PBXBuildFile; fileRef = 5DB6A9532364B9BE004E9B0A /* ProfileView.swift */; };
		5DB6A9562364F3AE004E9B0A /* FeedPostWorkoutDatabaseInfra.swift in Sources */ = {isa = PBXBuildFile; fileRef = 5DB6A9552364F3AE004E9B0A /* FeedPostWorkoutDatabaseInfra.swift */; };
		5DC74890235A3EAF005E1FE1 /* AppDelegate.swift in Sources */ = {isa = PBXBuildFile; fileRef = 5DC7488F235A3EAF005E1FE1 /* AppDelegate.swift */; };
		5DC74892235A3EAF005E1FE1 /* NewOrSavedWorkoutViewController.swift in Sources */ = {isa = PBXBuildFile; fileRef = 5DC74891235A3EAF005E1FE1 /* NewOrSavedWorkoutViewController.swift */; };
		5DC74895235A3EAF005E1FE1 /* Main.storyboard in Resources */ = {isa = PBXBuildFile; fileRef = 5DC74893235A3EAF005E1FE1 /* Main.storyboard */; };
		5DC74898235A3EAF005E1FE1 /* GymMe.xcdatamodeld in Sources */ = {isa = PBXBuildFile; fileRef = 5DC74896235A3EAF005E1FE1 /* GymMe.xcdatamodeld */; };
		5DC7489A235A3EB0005E1FE1 /* Assets.xcassets in Resources */ = {isa = PBXBuildFile; fileRef = 5DC74899235A3EB0005E1FE1 /* Assets.xcassets */; };
		5DC7489D235A3EB0005E1FE1 /* LaunchScreen.storyboard in Resources */ = {isa = PBXBuildFile; fileRef = 5DC7489B235A3EB0005E1FE1 /* LaunchScreen.storyboard */; };
		5DC748A8235A3EB0005E1FE1 /* GymMeTests.swift in Sources */ = {isa = PBXBuildFile; fileRef = 5DC748A7235A3EB0005E1FE1 /* GymMeTests.swift */; };
		5DC748B3235A3EB0005E1FE1 /* GymMeUITests.swift in Sources */ = {isa = PBXBuildFile; fileRef = 5DC748B2235A3EB0005E1FE1 /* GymMeUITests.swift */; };
		5DC748C1235A3F8D005E1FE1 /* NewsFeedViewController.swift in Sources */ = {isa = PBXBuildFile; fileRef = 5DC748C0235A3F8D005E1FE1 /* NewsFeedViewController.swift */; };
		5DC748C3235A3FC0005E1FE1 /* ProfileViewController.swift in Sources */ = {isa = PBXBuildFile; fileRef = 5DC748C2235A3FC0005E1FE1 /* ProfileViewController.swift */; };
		5DC748C5235A411D005E1FE1 /* WorkoutInterface.swift in Sources */ = {isa = PBXBuildFile; fileRef = 5DC748C4235A411D005E1FE1 /* WorkoutInterface.swift */; };
		5DC748C9235A438C005E1FE1 /* PostInterface.swift in Sources */ = {isa = PBXBuildFile; fileRef = 5DC748C8235A438C005E1FE1 /* PostInterface.swift */; };
		5DC748CE235A4BA5005E1FE1 /* NewOrSavedWorkoutView.swift in Sources */ = {isa = PBXBuildFile; fileRef = 5DC748CD235A4BA5005E1FE1 /* NewOrSavedWorkoutView.swift */; };
		5DCD484123655EFB00B06FAE /* DataInfra.swift in Sources */ = {isa = PBXBuildFile; fileRef = 5DCD484023655EFB00B06FAE /* DataInfra.swift */; };
		5DCD484323655F8400B06FAE /* Helper.swift in Sources */ = {isa = PBXBuildFile; fileRef = 5DCD484223655F8400B06FAE /* Helper.swift */; };
		5DCD48462365612100B06FAE /* WorkoutPreviewView.swift in Sources */ = {isa = PBXBuildFile; fileRef = 5DCD48452365612100B06FAE /* WorkoutPreviewView.swift */; };
		5DCD484923656EF300B06FAE /* UITextViewExtension.swift in Sources */ = {isa = PBXBuildFile; fileRef = 5DCD484823656EF300B06FAE /* UITextViewExtension.swift */; };
		5DCFFD622363F09500D88236 /* GoogleService-Info.plist in Resources */ = {isa = PBXBuildFile; fileRef = 5DCFFD612363F09500D88236 /* GoogleService-Info.plist */; };
		5DCFFD632363F09500D88236 /* GoogleService-Info.plist in Resources */ = {isa = PBXBuildFile; fileRef = 5DCFFD612363F09500D88236 /* GoogleService-Info.plist */; };
		5DCFFD642363F09500D88236 /* GoogleService-Info.plist in Resources */ = {isa = PBXBuildFile; fileRef = 5DCFFD612363F09500D88236 /* GoogleService-Info.plist */; };
		5DCFFD662363FC6C00D88236 /* ProfileInterface.swift in Sources */ = {isa = PBXBuildFile; fileRef = 5DCFFD652363FC6C00D88236 /* ProfileInterface.swift */; };
		5DCFFD672363FC6C00D88236 /* ProfileInterface.swift in Sources */ = {isa = PBXBuildFile; fileRef = 5DCFFD652363FC6C00D88236 /* ProfileInterface.swift */; };
		5DCFFD682363FC6C00D88236 /* ProfileInterface.swift in Sources */ = {isa = PBXBuildFile; fileRef = 5DCFFD652363FC6C00D88236 /* ProfileInterface.swift */; };
		5DCFFD6A2363FF7B00D88236 /* WorkoutDatabaseInfra.swift in Sources */ = {isa = PBXBuildFile; fileRef = 5DCFFD692363FF7B00D88236 /* WorkoutDatabaseInfra.swift */; };
		5DCFFD6B2363FF7B00D88236 /* WorkoutDatabaseInfra.swift in Sources */ = {isa = PBXBuildFile; fileRef = 5DCFFD692363FF7B00D88236 /* WorkoutDatabaseInfra.swift */; };
		5DCFFD6C2363FF7B00D88236 /* WorkoutDatabaseInfra.swift in Sources */ = {isa = PBXBuildFile; fileRef = 5DCFFD692363FF7B00D88236 /* WorkoutDatabaseInfra.swift */; };
		5DFA6C56235FBD3B0037C61D /* UIViewExtension.swift in Sources */ = {isa = PBXBuildFile; fileRef = 5DFA6C55235FBD3B0037C61D /* UIViewExtension.swift */; };
		5DFA6C58235FC1200037C61D /* LogWorkoutView.swift in Sources */ = {isa = PBXBuildFile; fileRef = 5DFA6C57235FC1200037C61D /* LogWorkoutView.swift */; };
		5DFA6C5A235FD4D50037C61D /* UIScrollViewExtension.swift in Sources */ = {isa = PBXBuildFile; fileRef = 5DFA6C59235FD4D50037C61D /* UIScrollViewExtension.swift */; };
		78EF2D9430906D71FBC5E2C3 /* Pods_GymMeTests.framework in Frameworks */ = {isa = PBXBuildFile; fileRef = 0A33A7AA7BD692EF38F0AB64 /* Pods_GymMeTests.framework */; };
		88DDCDBE30515925D36CCDB0 /* Pods_GymMe.framework in Frameworks */ = {isa = PBXBuildFile; fileRef = 52099E1745C78768D41CC2FD /* Pods_GymMe.framework */; };
		F0C8F7DDB5A113659B52436D /* Pods_GymMe_GymMeUITests.framework in Frameworks */ = {isa = PBXBuildFile; fileRef = 3EC22943E01C890B57E7E137 /* Pods_GymMe_GymMeUITests.framework */; };
/* End PBXBuildFile section */

/* Begin PBXContainerItemProxy section */
		5DC748A4235A3EB0005E1FE1 /* PBXContainerItemProxy */ = {
			isa = PBXContainerItemProxy;
			containerPortal = 5DC74884235A3EAF005E1FE1 /* Project object */;
			proxyType = 1;
			remoteGlobalIDString = 5DC7488B235A3EAF005E1FE1;
			remoteInfo = GymMe;
		};
		5DC748AF235A3EB0005E1FE1 /* PBXContainerItemProxy */ = {
			isa = PBXContainerItemProxy;
			containerPortal = 5DC74884235A3EAF005E1FE1 /* Project object */;
			proxyType = 1;
			remoteGlobalIDString = 5DC7488B235A3EAF005E1FE1;
			remoteInfo = GymMe;
		};
/* End PBXContainerItemProxy section */

/* Begin PBXFileReference section */
		01605D0544E4C0E5DE639E13 /* Pods-GymMe-GymMeUITests.debug.xcconfig */ = {isa = PBXFileReference; includeInIndex = 1; lastKnownFileType = text.xcconfig; name = "Pods-GymMe-GymMeUITests.debug.xcconfig"; path = "Target Support Files/Pods-GymMe-GymMeUITests/Pods-GymMe-GymMeUITests.debug.xcconfig"; sourceTree = "<group>"; };
		0A33A7AA7BD692EF38F0AB64 /* Pods_GymMeTests.framework */ = {isa = PBXFileReference; explicitFileType = wrapper.framework; includeInIndex = 0; path = Pods_GymMeTests.framework; sourceTree = BUILT_PRODUCTS_DIR; };
		138E36CBD26EB3F8F5E6B2B7 /* Pods-GymMe-GymMeUITests.release.xcconfig */ = {isa = PBXFileReference; includeInIndex = 1; lastKnownFileType = text.xcconfig; name = "Pods-GymMe-GymMeUITests.release.xcconfig"; path = "Target Support Files/Pods-GymMe-GymMeUITests/Pods-GymMe-GymMeUITests.release.xcconfig"; sourceTree = "<group>"; };
		250D8F0CDA74487E3EC08F94 /* Pods-GymMeTests.release.xcconfig */ = {isa = PBXFileReference; includeInIndex = 1; lastKnownFileType = text.xcconfig; name = "Pods-GymMeTests.release.xcconfig"; path = "Target Support Files/Pods-GymMeTests/Pods-GymMeTests.release.xcconfig"; sourceTree = "<group>"; };
		266F2E2918CB79062D8C81E4 /* Pods-GymMe.debug.xcconfig */ = {isa = PBXFileReference; includeInIndex = 1; lastKnownFileType = text.xcconfig; name = "Pods-GymMe.debug.xcconfig"; path = "Target Support Files/Pods-GymMe/Pods-GymMe.debug.xcconfig"; sourceTree = "<group>"; };
		3EC22943E01C890B57E7E137 /* Pods_GymMe_GymMeUITests.framework */ = {isa = PBXFileReference; explicitFileType = wrapper.framework; includeInIndex = 0; path = Pods_GymMe_GymMeUITests.framework; sourceTree = BUILT_PRODUCTS_DIR; };
		52099E1745C78768D41CC2FD /* Pods_GymMe.framework */ = {isa = PBXFileReference; explicitFileType = wrapper.framework; includeInIndex = 0; path = Pods_GymMe.framework; sourceTree = BUILT_PRODUCTS_DIR; };
		5D397E53236249B4000296D5 /* NameDatePicHeaderView.swift */ = {isa = PBXFileReference; lastKnownFileType = sourcecode.swift; path = NameDatePicHeaderView.swift; sourceTree = "<group>"; };
		5D397E5523624CBE000296D5 /* DateExtension.swift */ = {isa = PBXFileReference; lastKnownFileType = sourcecode.swift; path = DateExtension.swift; sourceTree = "<group>"; };
		5D397E57236251EF000296D5 /* TitleDescriptionView.swift */ = {isa = PBXFileReference; lastKnownFileType = sourcecode.swift; path = TitleDescriptionView.swift; sourceTree = "<group>"; };
		5D397E59236251FD000296D5 /* FeedPostView.swift */ = {isa = PBXFileReference; lastKnownFileType = sourcecode.swift; path = FeedPostView.swift; sourceTree = "<group>"; };
		5D397E5B23625320000296D5 /* NewsFeedView.swift */ = {isa = PBXFileReference; lastKnownFileType = sourcecode.swift; path = NewsFeedView.swift; sourceTree = "<group>"; };
		5D5624AE235BCA7C00A0D793 /* UILabelExtension.swift */ = {isa = PBXFileReference; lastKnownFileType = sourcecode.swift; path = UILabelExtension.swift; sourceTree = "<group>"; };
		5D5624B2235BCD8600A0D793 /* FinishedLoggingWorkoutView.swift */ = {isa = PBXFileReference; lastKnownFileType = sourcecode.swift; path = FinishedLoggingWorkoutView.swift; sourceTree = "<group>"; };
		5D5624B5235BCDB500A0D793 /* FinishedLoggingWorkoutController.swift */ = {isa = PBXFileReference; lastKnownFileType = sourcecode.swift; path = FinishedLoggingWorkoutController.swift; sourceTree = "<group>"; };
		5D5624B7235BD3F100A0D793 /* UITextInput.swift */ = {isa = PBXFileReference; lastKnownFileType = sourcecode.swift; path = UITextInput.swift; sourceTree = "<group>"; };
		5D5624BC235F7CFD00A0D793 /* ExcercseSetView.swift */ = {isa = PBXFileReference; lastKnownFileType = sourcecode.swift; path = ExcercseSetView.swift; sourceTree = "<group>"; };
		5D5624BE235F82D400A0D793 /* LogWorkoutViewController.swift */ = {isa = PBXFileReference; lastKnownFileType = sourcecode.swift; path = LogWorkoutViewController.swift; sourceTree = "<group>"; };
		5D5624C0235F8FD500A0D793 /* ExcerciseView.swift */ = {isa = PBXFileReference; lastKnownFileType = sourcecode.swift; path = ExcerciseView.swift; sourceTree = "<group>"; };
		5D5624C2235F918200A0D793 /* ExcerciseSetNamesView.swift */ = {isa = PBXFileReference; lastKnownFileType = sourcecode.swift; path = ExcerciseSetNamesView.swift; sourceTree = "<group>"; };
		5DB6A9532364B9BE004E9B0A /* ProfileView.swift */ = {isa = PBXFileReference; lastKnownFileType = sourcecode.swift; path = ProfileView.swift; sourceTree = "<group>"; };
		5DB6A9552364F3AE004E9B0A /* FeedPostWorkoutDatabaseInfra.swift */ = {isa = PBXFileReference; lastKnownFileType = sourcecode.swift; path = FeedPostWorkoutDatabaseInfra.swift; sourceTree = "<group>"; };
		5DC7488C235A3EAF005E1FE1 /* GymMe.app */ = {isa = PBXFileReference; explicitFileType = wrapper.application; includeInIndex = 0; path = GymMe.app; sourceTree = BUILT_PRODUCTS_DIR; };
		5DC7488F235A3EAF005E1FE1 /* AppDelegate.swift */ = {isa = PBXFileReference; lastKnownFileType = sourcecode.swift; path = AppDelegate.swift; sourceTree = "<group>"; };
		5DC74891235A3EAF005E1FE1 /* NewOrSavedWorkoutViewController.swift */ = {isa = PBXFileReference; lastKnownFileType = sourcecode.swift; path = NewOrSavedWorkoutViewController.swift; sourceTree = "<group>"; xcLanguageSpecificationIdentifier = xcode.lang.swift; };
		5DC74894235A3EAF005E1FE1 /* Base */ = {isa = PBXFileReference; lastKnownFileType = file.storyboard; name = Base; path = Base.lproj/Main.storyboard; sourceTree = "<group>"; };
		5DC74897235A3EAF005E1FE1 /* GymMe.xcdatamodel */ = {isa = PBXFileReference; lastKnownFileType = wrapper.xcdatamodel; path = GymMe.xcdatamodel; sourceTree = "<group>"; };
		5DC74899235A3EB0005E1FE1 /* Assets.xcassets */ = {isa = PBXFileReference; lastKnownFileType = folder.assetcatalog; path = Assets.xcassets; sourceTree = "<group>"; };
		5DC7489C235A3EB0005E1FE1 /* Base */ = {isa = PBXFileReference; lastKnownFileType = file.storyboard; name = Base; path = Base.lproj/LaunchScreen.storyboard; sourceTree = "<group>"; };
		5DC7489E235A3EB0005E1FE1 /* Info.plist */ = {isa = PBXFileReference; lastKnownFileType = text.plist.xml; path = Info.plist; sourceTree = "<group>"; };
		5DC748A3235A3EB0005E1FE1 /* GymMeTests.xctest */ = {isa = PBXFileReference; explicitFileType = wrapper.cfbundle; includeInIndex = 0; path = GymMeTests.xctest; sourceTree = BUILT_PRODUCTS_DIR; };
		5DC748A7235A3EB0005E1FE1 /* GymMeTests.swift */ = {isa = PBXFileReference; lastKnownFileType = sourcecode.swift; path = GymMeTests.swift; sourceTree = "<group>"; };
		5DC748A9235A3EB0005E1FE1 /* Info.plist */ = {isa = PBXFileReference; lastKnownFileType = text.plist.xml; path = Info.plist; sourceTree = "<group>"; };
		5DC748AE235A3EB0005E1FE1 /* GymMeUITests.xctest */ = {isa = PBXFileReference; explicitFileType = wrapper.cfbundle; includeInIndex = 0; path = GymMeUITests.xctest; sourceTree = BUILT_PRODUCTS_DIR; };
		5DC748B2235A3EB0005E1FE1 /* GymMeUITests.swift */ = {isa = PBXFileReference; lastKnownFileType = sourcecode.swift; path = GymMeUITests.swift; sourceTree = "<group>"; };
		5DC748B4235A3EB0005E1FE1 /* Info.plist */ = {isa = PBXFileReference; lastKnownFileType = text.plist.xml; path = Info.plist; sourceTree = "<group>"; };
		5DC748C0235A3F8D005E1FE1 /* NewsFeedViewController.swift */ = {isa = PBXFileReference; lastKnownFileType = sourcecode.swift; path = NewsFeedViewController.swift; sourceTree = "<group>"; };
		5DC748C2235A3FC0005E1FE1 /* ProfileViewController.swift */ = {isa = PBXFileReference; lastKnownFileType = sourcecode.swift; path = ProfileViewController.swift; sourceTree = "<group>"; };
		5DC748C4235A411D005E1FE1 /* WorkoutInterface.swift */ = {isa = PBXFileReference; lastKnownFileType = sourcecode.swift; path = WorkoutInterface.swift; sourceTree = "<group>"; };
		5DC748C8235A438C005E1FE1 /* PostInterface.swift */ = {isa = PBXFileReference; lastKnownFileType = sourcecode.swift; path = PostInterface.swift; sourceTree = "<group>"; };
		5DC748CD235A4BA5005E1FE1 /* NewOrSavedWorkoutView.swift */ = {isa = PBXFileReference; lastKnownFileType = sourcecode.swift; path = NewOrSavedWorkoutView.swift; sourceTree = "<group>"; };
		5DCD484023655EFB00B06FAE /* DataInfra.swift */ = {isa = PBXFileReference; lastKnownFileType = sourcecode.swift; path = DataInfra.swift; sourceTree = "<group>"; };
		5DCD484223655F8400B06FAE /* Helper.swift */ = {isa = PBXFileReference; fileEncoding = 4; lastKnownFileType = sourcecode.swift; path = Helper.swift; sourceTree = "<group>"; };
		5DCD48452365612100B06FAE /* WorkoutPreviewView.swift */ = {isa = PBXFileReference; lastKnownFileType = sourcecode.swift; path = WorkoutPreviewView.swift; sourceTree = "<group>"; };
		5DCD484823656EF300B06FAE /* UITextViewExtension.swift */ = {isa = PBXFileReference; lastKnownFileType = sourcecode.swift; path = UITextViewExtension.swift; sourceTree = "<group>"; };
		5DCFFD612363F09500D88236 /* GoogleService-Info.plist */ = {isa = PBXFileReference; fileEncoding = 4; lastKnownFileType = text.plist.xml; name = "GoogleService-Info.plist"; path = "/Users/chuck/Desktop/GymMe/GymMe/GoogleService-Info.plist"; sourceTree = "<absolute>"; };
		5DCFFD652363FC6C00D88236 /* ProfileInterface.swift */ = {isa = PBXFileReference; lastKnownFileType = sourcecode.swift; path = ProfileInterface.swift; sourceTree = "<group>"; };
		5DCFFD692363FF7B00D88236 /* WorkoutDatabaseInfra.swift */ = {isa = PBXFileReference; lastKnownFileType = sourcecode.swift; path = WorkoutDatabaseInfra.swift; sourceTree = "<group>"; };
		5DFA6C55235FBD3B0037C61D /* UIViewExtension.swift */ = {isa = PBXFileReference; lastKnownFileType = sourcecode.swift; path = UIViewExtension.swift; sourceTree = "<group>"; };
		5DFA6C57235FC1200037C61D /* LogWorkoutView.swift */ = {isa = PBXFileReference; lastKnownFileType = sourcecode.swift; path = LogWorkoutView.swift; sourceTree = "<group>"; xcLanguageSpecificationIdentifier = xcode.lang.swift; };
		5DFA6C59235FD4D50037C61D /* UIScrollViewExtension.swift */ = {isa = PBXFileReference; lastKnownFileType = sourcecode.swift; path = UIScrollViewExtension.swift; sourceTree = "<group>"; };
		903988EC1F920D9329AE0D6B /* Pods-GymMe.release.xcconfig */ = {isa = PBXFileReference; includeInIndex = 1; lastKnownFileType = text.xcconfig; name = "Pods-GymMe.release.xcconfig"; path = "Target Support Files/Pods-GymMe/Pods-GymMe.release.xcconfig"; sourceTree = "<group>"; };
		B4874AD2B63CC744B8B6223A /* Pods-GymMeTests.debug.xcconfig */ = {isa = PBXFileReference; includeInIndex = 1; lastKnownFileType = text.xcconfig; name = "Pods-GymMeTests.debug.xcconfig"; path = "Target Support Files/Pods-GymMeTests/Pods-GymMeTests.debug.xcconfig"; sourceTree = "<group>"; };
/* End PBXFileReference section */

/* Begin PBXFrameworksBuildPhase section */
		5DC74889235A3EAF005E1FE1 /* Frameworks */ = {
			isa = PBXFrameworksBuildPhase;
			buildActionMask = 2147483647;
			files = (
				88DDCDBE30515925D36CCDB0 /* Pods_GymMe.framework in Frameworks */,
			);
			runOnlyForDeploymentPostprocessing = 0;
		};
		5DC748A0235A3EB0005E1FE1 /* Frameworks */ = {
			isa = PBXFrameworksBuildPhase;
			buildActionMask = 2147483647;
			files = (
				78EF2D9430906D71FBC5E2C3 /* Pods_GymMeTests.framework in Frameworks */,
			);
			runOnlyForDeploymentPostprocessing = 0;
		};
		5DC748AB235A3EB0005E1FE1 /* Frameworks */ = {
			isa = PBXFrameworksBuildPhase;
			buildActionMask = 2147483647;
			files = (
				F0C8F7DDB5A113659B52436D /* Pods_GymMe_GymMeUITests.framework in Frameworks */,
			);
			runOnlyForDeploymentPostprocessing = 0;
		};
/* End PBXFrameworksBuildPhase section */

/* Begin PBXGroup section */
		5D5624B0235BCA8600A0D793 /* Extensions */ = {
			isa = PBXGroup;
			children = (
				5D5624AE235BCA7C00A0D793 /* UILabelExtension.swift */,
				5D5624B7235BD3F100A0D793 /* UITextInput.swift */,
				5DCD484823656EF300B06FAE /* UITextViewExtension.swift */,
				5DFA6C55235FBD3B0037C61D /* UIViewExtension.swift */,
				5DFA6C59235FD4D50037C61D /* UIScrollViewExtension.swift */,
				5D397E5523624CBE000296D5 /* DateExtension.swift */,
			);
			path = Extensions;
			sourceTree = "<group>";
		};
		5D5624B1235BCCA100A0D793 /* NewOrSavedWorkout */ = {
			isa = PBXGroup;
			children = (
				5DC74891235A3EAF005E1FE1 /* NewOrSavedWorkoutViewController.swift */,
				5DC748CD235A4BA5005E1FE1 /* NewOrSavedWorkoutView.swift */,
			);
			path = NewOrSavedWorkout;
			sourceTree = "<group>";
		};
		5D5624B4235BCD8A00A0D793 /* FinishedLoggingWorkout */ = {
			isa = PBXGroup;
			children = (
				5D5624B5235BCDB500A0D793 /* FinishedLoggingWorkoutController.swift */,
				5D5624B2235BCD8600A0D793 /* FinishedLoggingWorkoutView.swift */,
			);
			path = FinishedLoggingWorkout;
			sourceTree = "<group>";
		};
		5D5624BB235F7C0D00A0D793 /* LogWorkout */ = {
			isa = PBXGroup;
			children = (
				5D5624BE235F82D400A0D793 /* LogWorkoutViewController.swift */,
				5DFA6C57235FC1200037C61D /* LogWorkoutView.swift */,
				5D5624C0235F8FD500A0D793 /* ExcerciseView.swift */,
				5D5624BC235F7CFD00A0D793 /* ExcercseSetView.swift */,
				5D5624C2235F918200A0D793 /* ExcerciseSetNamesView.swift */,
			);
			path = LogWorkout;
			sourceTree = "<group>";
		};
		5DB6A952236409B6004E9B0A /* DataInfra */ = {
			isa = PBXGroup;
			children = (
				5DCD484023655EFB00B06FAE /* DataInfra.swift */,
				5DCFFD692363FF7B00D88236 /* WorkoutDatabaseInfra.swift */,
				5DB6A9552364F3AE004E9B0A /* FeedPostWorkoutDatabaseInfra.swift */,
			);
			path = DataInfra;
			sourceTree = "<group>";
		};
		5DC74883235A3EAF005E1FE1 = {
			isa = PBXGroup;
			children = (
				5DCD484423655F8C00B06FAE /* Helper */,
				5DC7488E235A3EAF005E1FE1 /* GymMe */,
				5DC748A6235A3EB0005E1FE1 /* GymMeTests */,
				5DC748B1235A3EB0005E1FE1 /* GymMeUITests */,
				5DC7488D235A3EAF005E1FE1 /* Products */,
				8A7F1320C86C93A50553E54D /* Pods */,
				7A07F99EE1E253452C585088 /* Frameworks */,
			);
			sourceTree = "<group>";
		};
		5DC7488D235A3EAF005E1FE1 /* Products */ = {
			isa = PBXGroup;
			children = (
				5DC7488C235A3EAF005E1FE1 /* GymMe.app */,
				5DC748A3235A3EB0005E1FE1 /* GymMeTests.xctest */,
				5DC748AE235A3EB0005E1FE1 /* GymMeUITests.xctest */,
			);
			name = Products;
			sourceTree = "<group>";
		};
		5DC7488E235A3EAF005E1FE1 /* GymMe */ = {
			isa = PBXGroup;
			children = (
				5DC7488F235A3EAF005E1FE1 /* AppDelegate.swift */,
				5DC748C7235A4205005E1FE1 /* News Feed */,
				5DC748C6235A41ED005E1FE1 /* Create Workout */,
				5DC748CC235A4507005E1FE1 /* Profile */,
				5D5624B0235BCA8600A0D793 /* Extensions */,
				5DB6A952236409B6004E9B0A /* DataInfra */,
				5DC74893235A3EAF005E1FE1 /* Main.storyboard */,
				5DC74899235A3EB0005E1FE1 /* Assets.xcassets */,
				5DC7489B235A3EB0005E1FE1 /* LaunchScreen.storyboard */,
				5DC7489E235A3EB0005E1FE1 /* Info.plist */,
				5DCFFD612363F09500D88236 /* GoogleService-Info.plist */,
				5DC74896235A3EAF005E1FE1 /* GymMe.xcdatamodeld */,
			);
			path = GymMe;
			sourceTree = "<group>";
		};
		5DC748A6235A3EB0005E1FE1 /* GymMeTests */ = {
			isa = PBXGroup;
			children = (
				5DC748A7235A3EB0005E1FE1 /* GymMeTests.swift */,
				5DC748A9235A3EB0005E1FE1 /* Info.plist */,
			);
			path = GymMeTests;
			sourceTree = "<group>";
		};
		5DC748B1235A3EB0005E1FE1 /* GymMeUITests */ = {
			isa = PBXGroup;
			children = (
				5DC748B2235A3EB0005E1FE1 /* GymMeUITests.swift */,
				5DC748B4235A3EB0005E1FE1 /* Info.plist */,
			);
			path = GymMeUITests;
			sourceTree = "<group>";
		};
		5DC748C6235A41ED005E1FE1 /* Create Workout */ = {
			isa = PBXGroup;
			children = (
				5D5624B1235BCCA100A0D793 /* NewOrSavedWorkout */,
				5D5624BB235F7C0D00A0D793 /* LogWorkout */,
				5D5624B4235BCD8A00A0D793 /* FinishedLoggingWorkout */,
				5DC748C4235A411D005E1FE1 /* WorkoutInterface.swift */,
			);
			path = "Create Workout";
			sourceTree = "<group>";
		};
		5DC748C7235A4205005E1FE1 /* News Feed */ = {
			isa = PBXGroup;
			children = (
				5DCD4847236569A900B06FAE /* MainFeed */,
				5DC748C8235A438C005E1FE1 /* PostInterface.swift */,
			);
			path = "News Feed";
			sourceTree = "<group>";
		};
		5DC748CC235A4507005E1FE1 /* Profile */ = {
			isa = PBXGroup;
			children = (
				5DC748C2235A3FC0005E1FE1 /* ProfileViewController.swift */,
				5DB6A9532364B9BE004E9B0A /* ProfileView.swift */,
				5DCFFD652363FC6C00D88236 /* ProfileInterface.swift */,
			);
			path = Profile;
			sourceTree = "<group>";
		};
		5DCD484423655F8C00B06FAE /* Helper */ = {
			isa = PBXGroup;
			children = (
				5DCD484223655F8400B06FAE /* Helper.swift */,
			);
			path = Helper;
			sourceTree = "<group>";
		};
		5DCD4847236569A900B06FAE /* MainFeed */ = {
			isa = PBXGroup;
			children = (
				5DC748C0235A3F8D005E1FE1 /* NewsFeedViewController.swift */,
				5D397E5B23625320000296D5 /* NewsFeedView.swift */,
				5D397E59236251FD000296D5 /* FeedPostView.swift */,
				5D397E53236249B4000296D5 /* NameDatePicHeaderView.swift */,
				5D397E57236251EF000296D5 /* TitleDescriptionView.swift */,
				5DCD48452365612100B06FAE /* WorkoutPreviewView.swift */,
			);
			path = MainFeed;
			sourceTree = "<group>";
		};
		7A07F99EE1E253452C585088 /* Frameworks */ = {
			isa = PBXGroup;
			children = (
				52099E1745C78768D41CC2FD /* Pods_GymMe.framework */,
				3EC22943E01C890B57E7E137 /* Pods_GymMe_GymMeUITests.framework */,
				0A33A7AA7BD692EF38F0AB64 /* Pods_GymMeTests.framework */,
			);
			name = Frameworks;
			sourceTree = "<group>";
		};
		8A7F1320C86C93A50553E54D /* Pods */ = {
			isa = PBXGroup;
			children = (
				266F2E2918CB79062D8C81E4 /* Pods-GymMe.debug.xcconfig */,
				903988EC1F920D9329AE0D6B /* Pods-GymMe.release.xcconfig */,
				01605D0544E4C0E5DE639E13 /* Pods-GymMe-GymMeUITests.debug.xcconfig */,
				138E36CBD26EB3F8F5E6B2B7 /* Pods-GymMe-GymMeUITests.release.xcconfig */,
				B4874AD2B63CC744B8B6223A /* Pods-GymMeTests.debug.xcconfig */,
				250D8F0CDA74487E3EC08F94 /* Pods-GymMeTests.release.xcconfig */,
			);
			path = Pods;
			sourceTree = "<group>";
		};
/* End PBXGroup section */

/* Begin PBXNativeTarget section */
		5DC7488B235A3EAF005E1FE1 /* GymMe */ = {
			isa = PBXNativeTarget;
			buildConfigurationList = 5DC748B7235A3EB0005E1FE1 /* Build configuration list for PBXNativeTarget "GymMe" */;
			buildPhases = (
				69BB94E7F70AA71C62AA714D /* [CP] Check Pods Manifest.lock */,
				5DC74888235A3EAF005E1FE1 /* Sources */,
				5DC74889235A3EAF005E1FE1 /* Frameworks */,
				5DC7488A235A3EAF005E1FE1 /* Resources */,
				C0D8A79084AB27FC626E3B1C /* [CP] Embed Pods Frameworks */,
			);
			buildRules = (
			);
			dependencies = (
			);
			name = GymMe;
			productName = GymMe;
			productReference = 5DC7488C235A3EAF005E1FE1 /* GymMe.app */;
			productType = "com.apple.product-type.application";
		};
		5DC748A2235A3EB0005E1FE1 /* GymMeTests */ = {
			isa = PBXNativeTarget;
			buildConfigurationList = 5DC748BA235A3EB0005E1FE1 /* Build configuration list for PBXNativeTarget "GymMeTests" */;
			buildPhases = (
				B7A153A07EB365CFEAF96365 /* [CP] Check Pods Manifest.lock */,
				5DC7489F235A3EB0005E1FE1 /* Sources */,
				5DC748A0235A3EB0005E1FE1 /* Frameworks */,
				5DC748A1235A3EB0005E1FE1 /* Resources */,
			);
			buildRules = (
			);
			dependencies = (
				5DC748A5235A3EB0005E1FE1 /* PBXTargetDependency */,
			);
			name = GymMeTests;
			productName = GymMeTests;
			productReference = 5DC748A3235A3EB0005E1FE1 /* GymMeTests.xctest */;
			productType = "com.apple.product-type.bundle.unit-test";
		};
		5DC748AD235A3EB0005E1FE1 /* GymMeUITests */ = {
			isa = PBXNativeTarget;
			buildConfigurationList = 5DC748BD235A3EB0005E1FE1 /* Build configuration list for PBXNativeTarget "GymMeUITests" */;
			buildPhases = (
				BADF56CA3E80D53F2C27F416 /* [CP] Check Pods Manifest.lock */,
				5DC748AA235A3EB0005E1FE1 /* Sources */,
				5DC748AB235A3EB0005E1FE1 /* Frameworks */,
				5DC748AC235A3EB0005E1FE1 /* Resources */,
				32376E7ABDCA07199E3C08B4 /* [CP] Embed Pods Frameworks */,
			);
			buildRules = (
			);
			dependencies = (
				5DC748B0235A3EB0005E1FE1 /* PBXTargetDependency */,
			);
			name = GymMeUITests;
			productName = GymMeUITests;
			productReference = 5DC748AE235A3EB0005E1FE1 /* GymMeUITests.xctest */;
			productType = "com.apple.product-type.bundle.ui-testing";
		};
/* End PBXNativeTarget section */

/* Begin PBXProject section */
		5DC74884235A3EAF005E1FE1 /* Project object */ = {
			isa = PBXProject;
			attributes = {
				LastSwiftUpdateCheck = 1010;
				LastUpgradeCheck = 1010;
				ORGANIZATIONNAME = "Benjamin Ulrich";
				TargetAttributes = {
					5DC7488B235A3EAF005E1FE1 = {
						CreatedOnToolsVersion = 10.1;
					};
					5DC748A2235A3EB0005E1FE1 = {
						CreatedOnToolsVersion = 10.1;
						TestTargetID = 5DC7488B235A3EAF005E1FE1;
					};
					5DC748AD235A3EB0005E1FE1 = {
						CreatedOnToolsVersion = 10.1;
						TestTargetID = 5DC7488B235A3EAF005E1FE1;
					};
				};
			};
			buildConfigurationList = 5DC74887235A3EAF005E1FE1 /* Build configuration list for PBXProject "GymMe" */;
			compatibilityVersion = "Xcode 9.3";
			developmentRegion = en;
			hasScannedForEncodings = 0;
			knownRegions = (
				en,
				Base,
			);
			mainGroup = 5DC74883235A3EAF005E1FE1;
			productRefGroup = 5DC7488D235A3EAF005E1FE1 /* Products */;
			projectDirPath = "";
			projectRoot = "";
			targets = (
				5DC7488B235A3EAF005E1FE1 /* GymMe */,
				5DC748A2235A3EB0005E1FE1 /* GymMeTests */,
				5DC748AD235A3EB0005E1FE1 /* GymMeUITests */,
			);
		};
/* End PBXProject section */

/* Begin PBXResourcesBuildPhase section */
		5DC7488A235A3EAF005E1FE1 /* Resources */ = {
			isa = PBXResourcesBuildPhase;
			buildActionMask = 2147483647;
			files = (
				5DC7489D235A3EB0005E1FE1 /* LaunchScreen.storyboard in Resources */,
				5DCFFD622363F09500D88236 /* GoogleService-Info.plist in Resources */,
				5DC7489A235A3EB0005E1FE1 /* Assets.xcassets in Resources */,
				5DC74895235A3EAF005E1FE1 /* Main.storyboard in Resources */,
			);
			runOnlyForDeploymentPostprocessing = 0;
		};
		5DC748A1235A3EB0005E1FE1 /* Resources */ = {
			isa = PBXResourcesBuildPhase;
			buildActionMask = 2147483647;
			files = (
				5DCFFD632363F09500D88236 /* GoogleService-Info.plist in Resources */,
			);
			runOnlyForDeploymentPostprocessing = 0;
		};
		5DC748AC235A3EB0005E1FE1 /* Resources */ = {
			isa = PBXResourcesBuildPhase;
			buildActionMask = 2147483647;
			files = (
				5DCFFD642363F09500D88236 /* GoogleService-Info.plist in Resources */,
			);
			runOnlyForDeploymentPostprocessing = 0;
		};
/* End PBXResourcesBuildPhase section */

/* Begin PBXShellScriptBuildPhase section */
		32376E7ABDCA07199E3C08B4 /* [CP] Embed Pods Frameworks */ = {
			isa = PBXShellScriptBuildPhase;
			buildActionMask = 2147483647;
			files = (
			);
			inputFileListPaths = (
				"${PODS_ROOT}/Target Support Files/Pods-GymMe-GymMeUITests/Pods-GymMe-GymMeUITests-frameworks-${CONFIGURATION}-input-files.xcfilelist",
			);
			name = "[CP] Embed Pods Frameworks";
			outputFileListPaths = (
				"${PODS_ROOT}/Target Support Files/Pods-GymMe-GymMeUITests/Pods-GymMe-GymMeUITests-frameworks-${CONFIGURATION}-output-files.xcfilelist",
			);
			runOnlyForDeploymentPostprocessing = 0;
			shellPath = /bin/sh;
			shellScript = "\"${PODS_ROOT}/Target Support Files/Pods-GymMe-GymMeUITests/Pods-GymMe-GymMeUITests-frameworks.sh\"\n";
			showEnvVarsInLog = 0;
		};
		69BB94E7F70AA71C62AA714D /* [CP] Check Pods Manifest.lock */ = {
			isa = PBXShellScriptBuildPhase;
			buildActionMask = 2147483647;
			files = (
			);
			inputFileListPaths = (
			);
			inputPaths = (
				"${PODS_PODFILE_DIR_PATH}/Podfile.lock",
				"${PODS_ROOT}/Manifest.lock",
			);
			name = "[CP] Check Pods Manifest.lock";
			outputFileListPaths = (
			);
			outputPaths = (
				"$(DERIVED_FILE_DIR)/Pods-GymMe-checkManifestLockResult.txt",
			);
			runOnlyForDeploymentPostprocessing = 0;
			shellPath = /bin/sh;
			shellScript = "diff \"${PODS_PODFILE_DIR_PATH}/Podfile.lock\" \"${PODS_ROOT}/Manifest.lock\" > /dev/null\nif [ $? != 0 ] ; then\n    # print error to STDERR\n    echo \"error: The sandbox is not in sync with the Podfile.lock. Run 'pod install' or update your CocoaPods installation.\" >&2\n    exit 1\nfi\n# This output is used by Xcode 'outputs' to avoid re-running this script phase.\necho \"SUCCESS\" > \"${SCRIPT_OUTPUT_FILE_0}\"\n";
			showEnvVarsInLog = 0;
		};
		B7A153A07EB365CFEAF96365 /* [CP] Check Pods Manifest.lock */ = {
			isa = PBXShellScriptBuildPhase;
			buildActionMask = 2147483647;
			files = (
			);
			inputFileListPaths = (
			);
			inputPaths = (
				"${PODS_PODFILE_DIR_PATH}/Podfile.lock",
				"${PODS_ROOT}/Manifest.lock",
			);
			name = "[CP] Check Pods Manifest.lock";
			outputFileListPaths = (
			);
			outputPaths = (
				"$(DERIVED_FILE_DIR)/Pods-GymMeTests-checkManifestLockResult.txt",
			);
			runOnlyForDeploymentPostprocessing = 0;
			shellPath = /bin/sh;
			shellScript = "diff \"${PODS_PODFILE_DIR_PATH}/Podfile.lock\" \"${PODS_ROOT}/Manifest.lock\" > /dev/null\nif [ $? != 0 ] ; then\n    # print error to STDERR\n    echo \"error: The sandbox is not in sync with the Podfile.lock. Run 'pod install' or update your CocoaPods installation.\" >&2\n    exit 1\nfi\n# This output is used by Xcode 'outputs' to avoid re-running this script phase.\necho \"SUCCESS\" > \"${SCRIPT_OUTPUT_FILE_0}\"\n";
			showEnvVarsInLog = 0;
		};
		BADF56CA3E80D53F2C27F416 /* [CP] Check Pods Manifest.lock */ = {
			isa = PBXShellScriptBuildPhase;
			buildActionMask = 2147483647;
			files = (
			);
			inputFileListPaths = (
			);
			inputPaths = (
				"${PODS_PODFILE_DIR_PATH}/Podfile.lock",
				"${PODS_ROOT}/Manifest.lock",
			);
			name = "[CP] Check Pods Manifest.lock";
			outputFileListPaths = (
			);
			outputPaths = (
				"$(DERIVED_FILE_DIR)/Pods-GymMe-GymMeUITests-checkManifestLockResult.txt",
			);
			runOnlyForDeploymentPostprocessing = 0;
			shellPath = /bin/sh;
			shellScript = "diff \"${PODS_PODFILE_DIR_PATH}/Podfile.lock\" \"${PODS_ROOT}/Manifest.lock\" > /dev/null\nif [ $? != 0 ] ; then\n    # print error to STDERR\n    echo \"error: The sandbox is not in sync with the Podfile.lock. Run 'pod install' or update your CocoaPods installation.\" >&2\n    exit 1\nfi\n# This output is used by Xcode 'outputs' to avoid re-running this script phase.\necho \"SUCCESS\" > \"${SCRIPT_OUTPUT_FILE_0}\"\n";
			showEnvVarsInLog = 0;
		};
		C0D8A79084AB27FC626E3B1C /* [CP] Embed Pods Frameworks */ = {
			isa = PBXShellScriptBuildPhase;
			buildActionMask = 2147483647;
			files = (
			);
			inputFileListPaths = (
				"${PODS_ROOT}/Target Support Files/Pods-GymMe/Pods-GymMe-frameworks-${CONFIGURATION}-input-files.xcfilelist",
			);
			name = "[CP] Embed Pods Frameworks";
			outputFileListPaths = (
				"${PODS_ROOT}/Target Support Files/Pods-GymMe/Pods-GymMe-frameworks-${CONFIGURATION}-output-files.xcfilelist",
			);
			runOnlyForDeploymentPostprocessing = 0;
			shellPath = /bin/sh;
			shellScript = "\"${PODS_ROOT}/Target Support Files/Pods-GymMe/Pods-GymMe-frameworks.sh\"\n";
			showEnvVarsInLog = 0;
		};
/* End PBXShellScriptBuildPhase section */

/* Begin PBXSourcesBuildPhase section */
		5DC74888235A3EAF005E1FE1 /* Sources */ = {
			isa = PBXSourcesBuildPhase;
			buildActionMask = 2147483647;
			files = (
				5DC74898235A3EAF005E1FE1 /* GymMe.xcdatamodeld in Sources */,
				5DB6A9542364B9BE004E9B0A /* ProfileView.swift in Sources */,
				5D397E5623624CBE000296D5 /* DateExtension.swift in Sources */,
				5D397E58236251EF000296D5 /* TitleDescriptionView.swift in Sources */,
				5DC74892235A3EAF005E1FE1 /* NewOrSavedWorkoutViewController.swift in Sources */,
				5DCFFD662363FC6C00D88236 /* ProfileInterface.swift in Sources */,
				5D397E5A236251FD000296D5 /* FeedPostView.swift in Sources */,
				5DB6A9562364F3AE004E9B0A /* FeedPostWorkoutDatabaseInfra.swift in Sources */,
				5DCD48462365612100B06FAE /* WorkoutPreviewView.swift in Sources */,
				5DCD484923656EF300B06FAE /* UITextViewExtension.swift in Sources */,
				5D5624B3235BCD8600A0D793 /* FinishedLoggingWorkoutView.swift in Sources */,
				5D5624B6235BCDB500A0D793 /* FinishedLoggingWorkoutController.swift in Sources */,
				5DC748CE235A4BA5005E1FE1 /* NewOrSavedWorkoutView.swift in Sources */,
				5DFA6C58235FC1200037C61D /* LogWorkoutView.swift in Sources */,
				5D397E5C23625320000296D5 /* NewsFeedView.swift in Sources */,
				5D5624C1235F8FD500A0D793 /* ExcerciseView.swift in Sources */,
				5DCD484123655EFB00B06FAE /* DataInfra.swift in Sources */,
				5DC748C3235A3FC0005E1FE1 /* ProfileViewController.swift in Sources */,
				5DC74890235A3EAF005E1FE1 /* AppDelegate.swift in Sources */,
				5DCD484323655F8400B06FAE /* Helper.swift in Sources */,
				5DFA6C56235FBD3B0037C61D /* UIViewExtension.swift in Sources */,
				5D5624B8235BD3F100A0D793 /* UITextInput.swift in Sources */,
				5DC748C1235A3F8D005E1FE1 /* NewsFeedViewController.swift in Sources */,
				5DFA6C5A235FD4D50037C61D /* UIScrollViewExtension.swift in Sources */,
				5D5624C3235F918200A0D793 /* ExcerciseSetNamesView.swift in Sources */,
				5DC748C5235A411D005E1FE1 /* WorkoutInterface.swift in Sources */,
				5D5624AF235BCA7C00A0D793 /* UILabelExtension.swift in Sources */,
				5D5624BD235F7CFD00A0D793 /* ExcercseSetView.swift in Sources */,
				5D397E54236249B4000296D5 /* NameDatePicHeaderView.swift in Sources */,
				5DC748C9235A438C005E1FE1 /* PostInterface.swift in Sources */,
				5D5624BF235F82D400A0D793 /* LogWorkoutViewController.swift in Sources */,
				5DCFFD6A2363FF7B00D88236 /* WorkoutDatabaseInfra.swift in Sources */,
			);
			runOnlyForDeploymentPostprocessing = 0;
		};
		5DC7489F235A3EB0005E1FE1 /* Sources */ = {
			isa = PBXSourcesBuildPhase;
			buildActionMask = 2147483647;
			files = (
				5DC748A8235A3EB0005E1FE1 /* GymMeTests.swift in Sources */,
				5DCFFD672363FC6C00D88236 /* ProfileInterface.swift in Sources */,
				5DCFFD6B2363FF7B00D88236 /* WorkoutDatabaseInfra.swift in Sources */,
			);
			runOnlyForDeploymentPostprocessing = 0;
		};
		5DC748AA235A3EB0005E1FE1 /* Sources */ = {
			isa = PBXSourcesBuildPhase;
			buildActionMask = 2147483647;
			files = (
				5DC748B3235A3EB0005E1FE1 /* GymMeUITests.swift in Sources */,
				5DCFFD682363FC6C00D88236 /* ProfileInterface.swift in Sources */,
				5DCFFD6C2363FF7B00D88236 /* WorkoutDatabaseInfra.swift in Sources */,
			);
			runOnlyForDeploymentPostprocessing = 0;
		};
/* End PBXSourcesBuildPhase section */

/* Begin PBXTargetDependency section */
		5DC748A5235A3EB0005E1FE1 /* PBXTargetDependency */ = {
			isa = PBXTargetDependency;
			target = 5DC7488B235A3EAF005E1FE1 /* GymMe */;
			targetProxy = 5DC748A4235A3EB0005E1FE1 /* PBXContainerItemProxy */;
		};
		5DC748B0235A3EB0005E1FE1 /* PBXTargetDependency */ = {
			isa = PBXTargetDependency;
			target = 5DC7488B235A3EAF005E1FE1 /* GymMe */;
			targetProxy = 5DC748AF235A3EB0005E1FE1 /* PBXContainerItemProxy */;
		};
/* End PBXTargetDependency section */

/* Begin PBXVariantGroup section */
		5DC74893235A3EAF005E1FE1 /* Main.storyboard */ = {
			isa = PBXVariantGroup;
			children = (
				5DC74894235A3EAF005E1FE1 /* Base */,
			);
			name = Main.storyboard;
			sourceTree = "<group>";
		};
		5DC7489B235A3EB0005E1FE1 /* LaunchScreen.storyboard */ = {
			isa = PBXVariantGroup;
			children = (
				5DC7489C235A3EB0005E1FE1 /* Base */,
			);
			name = LaunchScreen.storyboard;
			sourceTree = "<group>";
		};
/* End PBXVariantGroup section */

/* Begin XCBuildConfiguration section */
		5DC748B5235A3EB0005E1FE1 /* Debug */ = {
			isa = XCBuildConfiguration;
			buildSettings = {
				ALWAYS_SEARCH_USER_PATHS = NO;
				CLANG_ANALYZER_NONNULL = YES;
				CLANG_ANALYZER_NUMBER_OBJECT_CONVERSION = YES_AGGRESSIVE;
				CLANG_CXX_LANGUAGE_STANDARD = "gnu++14";
				CLANG_CXX_LIBRARY = "libc++";
				CLANG_ENABLE_MODULES = YES;
				CLANG_ENABLE_OBJC_ARC = YES;
				CLANG_ENABLE_OBJC_WEAK = YES;
				CLANG_WARN_BLOCK_CAPTURE_AUTORELEASING = YES;
				CLANG_WARN_BOOL_CONVERSION = YES;
				CLANG_WARN_COMMA = YES;
				CLANG_WARN_CONSTANT_CONVERSION = YES;
				CLANG_WARN_DEPRECATED_OBJC_IMPLEMENTATIONS = YES;
				CLANG_WARN_DIRECT_OBJC_ISA_USAGE = YES_ERROR;
				CLANG_WARN_DOCUMENTATION_COMMENTS = YES;
				CLANG_WARN_EMPTY_BODY = YES;
				CLANG_WARN_ENUM_CONVERSION = YES;
				CLANG_WARN_INFINITE_RECURSION = YES;
				CLANG_WARN_INT_CONVERSION = YES;
				CLANG_WARN_NON_LITERAL_NULL_CONVERSION = YES;
				CLANG_WARN_OBJC_IMPLICIT_RETAIN_SELF = YES;
				CLANG_WARN_OBJC_LITERAL_CONVERSION = YES;
				CLANG_WARN_OBJC_ROOT_CLASS = YES_ERROR;
				CLANG_WARN_RANGE_LOOP_ANALYSIS = YES;
				CLANG_WARN_STRICT_PROTOTYPES = YES;
				CLANG_WARN_SUSPICIOUS_MOVE = YES;
				CLANG_WARN_UNGUARDED_AVAILABILITY = YES_AGGRESSIVE;
				CLANG_WARN_UNREACHABLE_CODE = YES;
				CLANG_WARN__DUPLICATE_METHOD_MATCH = YES;
				CODE_SIGN_IDENTITY = "iPhone Developer";
				COPY_PHASE_STRIP = NO;
				DEBUG_INFORMATION_FORMAT = dwarf;
				ENABLE_STRICT_OBJC_MSGSEND = YES;
				ENABLE_TESTABILITY = YES;
				GCC_C_LANGUAGE_STANDARD = gnu11;
				GCC_DYNAMIC_NO_PIC = NO;
				GCC_NO_COMMON_BLOCKS = YES;
				GCC_OPTIMIZATION_LEVEL = 0;
				GCC_PREPROCESSOR_DEFINITIONS = (
					"DEBUG=1",
					"$(inherited)",
				);
				GCC_WARN_64_TO_32_BIT_CONVERSION = YES;
				GCC_WARN_ABOUT_RETURN_TYPE = YES_ERROR;
				GCC_WARN_UNDECLARED_SELECTOR = YES;
				GCC_WARN_UNINITIALIZED_AUTOS = YES_AGGRESSIVE;
				GCC_WARN_UNUSED_FUNCTION = YES;
				GCC_WARN_UNUSED_VARIABLE = YES;
				IPHONEOS_DEPLOYMENT_TARGET = 12.1;
				MTL_ENABLE_DEBUG_INFO = INCLUDE_SOURCE;
				MTL_FAST_MATH = YES;
				ONLY_ACTIVE_ARCH = YES;
				SDKROOT = iphoneos;
				SWIFT_ACTIVE_COMPILATION_CONDITIONS = DEBUG;
				SWIFT_OPTIMIZATION_LEVEL = "-Onone";
			};
			name = Debug;
		};
		5DC748B6235A3EB0005E1FE1 /* Release */ = {
			isa = XCBuildConfiguration;
			buildSettings = {
				ALWAYS_SEARCH_USER_PATHS = NO;
				CLANG_ANALYZER_NONNULL = YES;
				CLANG_ANALYZER_NUMBER_OBJECT_CONVERSION = YES_AGGRESSIVE;
				CLANG_CXX_LANGUAGE_STANDARD = "gnu++14";
				CLANG_CXX_LIBRARY = "libc++";
				CLANG_ENABLE_MODULES = YES;
				CLANG_ENABLE_OBJC_ARC = YES;
				CLANG_ENABLE_OBJC_WEAK = YES;
				CLANG_WARN_BLOCK_CAPTURE_AUTORELEASING = YES;
				CLANG_WARN_BOOL_CONVERSION = YES;
				CLANG_WARN_COMMA = YES;
				CLANG_WARN_CONSTANT_CONVERSION = YES;
				CLANG_WARN_DEPRECATED_OBJC_IMPLEMENTATIONS = YES;
				CLANG_WARN_DIRECT_OBJC_ISA_USAGE = YES_ERROR;
				CLANG_WARN_DOCUMENTATION_COMMENTS = YES;
				CLANG_WARN_EMPTY_BODY = YES;
				CLANG_WARN_ENUM_CONVERSION = YES;
				CLANG_WARN_INFINITE_RECURSION = YES;
				CLANG_WARN_INT_CONVERSION = YES;
				CLANG_WARN_NON_LITERAL_NULL_CONVERSION = YES;
				CLANG_WARN_OBJC_IMPLICIT_RETAIN_SELF = YES;
				CLANG_WARN_OBJC_LITERAL_CONVERSION = YES;
				CLANG_WARN_OBJC_ROOT_CLASS = YES_ERROR;
				CLANG_WARN_RANGE_LOOP_ANALYSIS = YES;
				CLANG_WARN_STRICT_PROTOTYPES = YES;
				CLANG_WARN_SUSPICIOUS_MOVE = YES;
				CLANG_WARN_UNGUARDED_AVAILABILITY = YES_AGGRESSIVE;
				CLANG_WARN_UNREACHABLE_CODE = YES;
				CLANG_WARN__DUPLICATE_METHOD_MATCH = YES;
				CODE_SIGN_IDENTITY = "iPhone Developer";
				COPY_PHASE_STRIP = NO;
				DEBUG_INFORMATION_FORMAT = "dwarf-with-dsym";
				ENABLE_NS_ASSERTIONS = NO;
				ENABLE_STRICT_OBJC_MSGSEND = YES;
				GCC_C_LANGUAGE_STANDARD = gnu11;
				GCC_NO_COMMON_BLOCKS = YES;
				GCC_WARN_64_TO_32_BIT_CONVERSION = YES;
				GCC_WARN_ABOUT_RETURN_TYPE = YES_ERROR;
				GCC_WARN_UNDECLARED_SELECTOR = YES;
				GCC_WARN_UNINITIALIZED_AUTOS = YES_AGGRESSIVE;
				GCC_WARN_UNUSED_FUNCTION = YES;
				GCC_WARN_UNUSED_VARIABLE = YES;
				IPHONEOS_DEPLOYMENT_TARGET = 12.1;
				MTL_ENABLE_DEBUG_INFO = NO;
				MTL_FAST_MATH = YES;
				SDKROOT = iphoneos;
				SWIFT_COMPILATION_MODE = wholemodule;
				SWIFT_OPTIMIZATION_LEVEL = "-O";
				VALIDATE_PRODUCT = YES;
			};
			name = Release;
		};
		5DC748B8235A3EB0005E1FE1 /* Debug */ = {
			isa = XCBuildConfiguration;
			baseConfigurationReference = 266F2E2918CB79062D8C81E4 /* Pods-GymMe.debug.xcconfig */;
			buildSettings = {
				ASSETCATALOG_COMPILER_APPICON_NAME = AppIcon;
				CODE_SIGN_STYLE = Automatic;
				DEVELOPMENT_TEAM = FR3Q6K39GS;
				INFOPLIST_FILE = GymMe/Info.plist;
				LD_RUNPATH_SEARCH_PATHS = (
					"$(inherited)",
					"@executable_path/Frameworks",
				);
				PRODUCT_BUNDLE_IDENTIFIER = "Doe-Developments.GymMe";
				PRODUCT_NAME = "$(TARGET_NAME)";
				SWIFT_VERSION = 4.2;
				TARGETED_DEVICE_FAMILY = "1,2";
			};
			name = Debug;
		};
		5DC748B9235A3EB0005E1FE1 /* Release */ = {
			isa = XCBuildConfiguration;
			baseConfigurationReference = 903988EC1F920D9329AE0D6B /* Pods-GymMe.release.xcconfig */;
			buildSettings = {
				ASSETCATALOG_COMPILER_APPICON_NAME = AppIcon;
				CODE_SIGN_STYLE = Automatic;
				DEVELOPMENT_TEAM = FR3Q6K39GS;
				INFOPLIST_FILE = GymMe/Info.plist;
				LD_RUNPATH_SEARCH_PATHS = (
					"$(inherited)",
					"@executable_path/Frameworks",
				);
				PRODUCT_BUNDLE_IDENTIFIER = "Doe-Developments.GymMe";
				PRODUCT_NAME = "$(TARGET_NAME)";
				SWIFT_VERSION = 4.2;
				TARGETED_DEVICE_FAMILY = "1,2";
			};
			name = Release;
		};
		5DC748BB235A3EB0005E1FE1 /* Debug */ = {
			isa = XCBuildConfiguration;
			baseConfigurationReference = B4874AD2B63CC744B8B6223A /* Pods-GymMeTests.debug.xcconfig */;
			buildSettings = {
				ALWAYS_EMBED_SWIFT_STANDARD_LIBRARIES = YES;
				BUNDLE_LOADER = "$(TEST_HOST)";
				CODE_SIGN_STYLE = Automatic;
				DEVELOPMENT_TEAM = FR3Q6K39GS;
				INFOPLIST_FILE = GymMeTests/Info.plist;
				LD_RUNPATH_SEARCH_PATHS = (
					"$(inherited)",
					"@executable_path/Frameworks",
					"@loader_path/Frameworks",
				);
				PRODUCT_BUNDLE_IDENTIFIER = "Doe-Developments.GymMeTests";
				PRODUCT_NAME = "$(TARGET_NAME)";
				SWIFT_VERSION = 4.2;
				TARGETED_DEVICE_FAMILY = "1,2";
				TEST_HOST = "$(BUILT_PRODUCTS_DIR)/GymMe.app/GymMe";
			};
			name = Debug;
		};
		5DC748BC235A3EB0005E1FE1 /* Release */ = {
			isa = XCBuildConfiguration;
			baseConfigurationReference = 250D8F0CDA74487E3EC08F94 /* Pods-GymMeTests.release.xcconfig */;
			buildSettings = {
				ALWAYS_EMBED_SWIFT_STANDARD_LIBRARIES = YES;
				BUNDLE_LOADER = "$(TEST_HOST)";
				CODE_SIGN_STYLE = Automatic;
				DEVELOPMENT_TEAM = FR3Q6K39GS;
				INFOPLIST_FILE = GymMeTests/Info.plist;
				LD_RUNPATH_SEARCH_PATHS = (
					"$(inherited)",
					"@executable_path/Frameworks",
					"@loader_path/Frameworks",
				);
				PRODUCT_BUNDLE_IDENTIFIER = "Doe-Developments.GymMeTests";
				PRODUCT_NAME = "$(TARGET_NAME)";
				SWIFT_VERSION = 4.2;
				TARGETED_DEVICE_FAMILY = "1,2";
				TEST_HOST = "$(BUILT_PRODUCTS_DIR)/GymMe.app/GymMe";
			};
			name = Release;
		};
		5DC748BE235A3EB0005E1FE1 /* Debug */ = {
			isa = XCBuildConfiguration;
			baseConfigurationReference = 01605D0544E4C0E5DE639E13 /* Pods-GymMe-GymMeUITests.debug.xcconfig */;
			buildSettings = {
				ALWAYS_EMBED_SWIFT_STANDARD_LIBRARIES = YES;
				CODE_SIGN_STYLE = Automatic;
				DEVELOPMENT_TEAM = FR3Q6K39GS;
				INFOPLIST_FILE = GymMeUITests/Info.plist;
				LD_RUNPATH_SEARCH_PATHS = (
					"$(inherited)",
					"@executable_path/Frameworks",
					"@loader_path/Frameworks",
				);
				PRODUCT_BUNDLE_IDENTIFIER = "Doe-Developments.GymMeUITests";
				PRODUCT_NAME = "$(TARGET_NAME)";
				SWIFT_VERSION = 4.2;
				TARGETED_DEVICE_FAMILY = "1,2";
				TEST_TARGET_NAME = GymMe;
			};
			name = Debug;
		};
		5DC748BF235A3EB0005E1FE1 /* Release */ = {
			isa = XCBuildConfiguration;
			baseConfigurationReference = 138E36CBD26EB3F8F5E6B2B7 /* Pods-GymMe-GymMeUITests.release.xcconfig */;
			buildSettings = {
				ALWAYS_EMBED_SWIFT_STANDARD_LIBRARIES = YES;
				CODE_SIGN_STYLE = Automatic;
				DEVELOPMENT_TEAM = FR3Q6K39GS;
				INFOPLIST_FILE = GymMeUITests/Info.plist;
				LD_RUNPATH_SEARCH_PATHS = (
					"$(inherited)",
					"@executable_path/Frameworks",
					"@loader_path/Frameworks",
				);
				PRODUCT_BUNDLE_IDENTIFIER = "Doe-Developments.GymMeUITests";
				PRODUCT_NAME = "$(TARGET_NAME)";
				SWIFT_VERSION = 4.2;
				TARGETED_DEVICE_FAMILY = "1,2";
				TEST_TARGET_NAME = GymMe;
			};
			name = Release;
		};
/* End XCBuildConfiguration section */

/* Begin XCConfigurationList section */
		5DC74887235A3EAF005E1FE1 /* Build configuration list for PBXProject "GymMe" */ = {
			isa = XCConfigurationList;
			buildConfigurations = (
				5DC748B5235A3EB0005E1FE1 /* Debug */,
				5DC748B6235A3EB0005E1FE1 /* Release */,
			);
			defaultConfigurationIsVisible = 0;
			defaultConfigurationName = Release;
		};
		5DC748B7235A3EB0005E1FE1 /* Build configuration list for PBXNativeTarget "GymMe" */ = {
			isa = XCConfigurationList;
			buildConfigurations = (
				5DC748B8235A3EB0005E1FE1 /* Debug */,
				5DC748B9235A3EB0005E1FE1 /* Release */,
			);
			defaultConfigurationIsVisible = 0;
			defaultConfigurationName = Release;
		};
		5DC748BA235A3EB0005E1FE1 /* Build configuration list for PBXNativeTarget "GymMeTests" */ = {
			isa = XCConfigurationList;
			buildConfigurations = (
				5DC748BB235A3EB0005E1FE1 /* Debug */,
				5DC748BC235A3EB0005E1FE1 /* Release */,
			);
			defaultConfigurationIsVisible = 0;
			defaultConfigurationName = Release;
		};
		5DC748BD235A3EB0005E1FE1 /* Build configuration list for PBXNativeTarget "GymMeUITests" */ = {
			isa = XCConfigurationList;
			buildConfigurations = (
				5DC748BE235A3EB0005E1FE1 /* Debug */,
				5DC748BF235A3EB0005E1FE1 /* Release */,
			);
			defaultConfigurationIsVisible = 0;
			defaultConfigurationName = Release;
		};
/* End XCConfigurationList section */

/* Begin XCVersionGroup section */
		5DC74896235A3EAF005E1FE1 /* GymMe.xcdatamodeld */ = {
			isa = XCVersionGroup;
			children = (
				5DC74897235A3EAF005E1FE1 /* GymMe.xcdatamodel */,
			);
			currentVersion = 5DC74897235A3EAF005E1FE1 /* GymMe.xcdatamodel */;
			path = GymMe.xcdatamodeld;
			sourceTree = "<group>";
			versionGroupType = wrapper.xcdatamodel;
		};
/* End XCVersionGroup section */
	};
	rootObject = 5DC74884235A3EAF005E1FE1 /* Project object */;
}
